
Microsoft Visual Studio Solution File, Format Version 12.00
# Visual Studio for Mac
Project("{FAE04EC0-301F-11D3-BF4B-00C04F79EFBC}") = "Assembly-CSharp", "Assembly-CSharp.csproj", "{4226D3B6-F067-8CDF-062E-796179BA5A16}"
EndProject
Project("{FAE04EC0-301F-11D3-BF4B-00C04F79EFBC}") = "Assembly-CSharp-Editor", "Assembly-CSharp-Editor.csproj", "{596DDF5A-61C9-9544-16B0-1A9477256492}"
EndProject
Global
	GlobalSection(SolutionConfigurationPlatforms) = preSolution
		Debug|Any CPU = Debug|Any CPU
		Release|Any CPU = Release|Any CPU
	EndGlobalSection
	GlobalSection(ProjectConfigurationPlatforms) = postSolution
		{4226D3B6-F067-8CDF-062E-796179BA5A16}.Debug|Any CPU.ActiveCfg = Debug|Any CPU
		{4226D3B6-F067-8CDF-062E-796179BA5A16}.Debug|Any CPU.Build.0 = Debug|Any CPU
		{4226D3B6-F067-8CDF-062E-796179BA5A16}.Release|Any CPU.ActiveCfg = Release|Any CPU
		{4226D3B6-F067-8CDF-062E-796179BA5A16}.Release|Any CPU.Build.0 = Release|Any CPU
		{596DDF5A-61C9-9544-16B0-1A9477256492}.Debug|Any CPU.ActiveCfg = Debug|Any CPU
		{596DDF5A-61C9-9544-16B0-1A9477256492}.Debug|Any CPU.Build.0 = Debug|Any CPU
		{596DDF5A-61C9-9544-16B0-1A9477256492}.Release|Any CPU.ActiveCfg = Release|Any CPU
		{596DDF5A-61C9-9544-16B0-1A9477256492}.Release|Any CPU.Build.0 = Release|Any CPU
	EndGlobalSection
	GlobalSection(SolutionProperties) = preSolution
		HideSolutionNode = FALSE
	EndGlobalSection
EndGlobal
